<Solution>
  <Folder Name="/src/">
    <Project Path="src/JobApplicationTracker.Api/JobApplicationTracker.Api.csproj" />
    <Project Path="src/JobApplicationTracker.Client/JobApplicationTracker.Client.csproj" />
    <Project Path="src/JobApplicationTracker.Contracts/JobApplicationTracker.Contracts.csproj" />
    <Project Path="src/JobApplicationTracker.Domain/JobApplicationTracker.Domain.csproj" />
  </Folder>
  <Folder Name="/tests/">
    <Project Path="tests/JobApplicationTracker.Tests/JobApplicationTracker.Tests.csproj" />
  </Folder>
</Solution>
